
Microsoft Visual Studio Solution File, Format Version 12.00
# Visual Studio Version 16
VisualStudioVersion = 16.0.30717.126
MinimumVisualStudioVersion = 10.0.40219.1
Project("{FAE04EC0-301F-11D3-BF4B-00C04F79EFBC}") = "deliverable 2", "deliverable 2\deliverable 2.csproj", "{C1FECADF-5E3A-4DFB-95D4-20B7BDBFB898}"
EndProject
Global
	GlobalSection(SolutionConfigurationPlatforms) = preSolution
		Debug|Any CPU = Debug|Any CPU
		Release|Any CPU = Release|Any CPU
	EndGlobalSection
	GlobalSection(ProjectConfigurationPlatforms) = postSolution
		{C1FECADF-5E3A-4DFB-95D4-20B7BDBFB898}.Debug|Any CPU.ActiveCfg = Debug|Any CPU
		{C1FECADF-5E3A-4DFB-95D4-20B7BDBFB898}.Debug|Any CPU.Build.0 = Debug|Any CPU
		{C1FECADF-5E3A-4DFB-95D4-20B7BDBFB898}.Release|Any CPU.ActiveCfg = Release|Any CPU
		{C1FECADF-5E3A-4DFB-95D4-20B7BDBFB898}.Release|Any CPU.Build.0 = Release|Any CPU
	EndGlobalSection
	GlobalSection(SolutionProperties) = preSolution
		HideSolutionNode = FALSE
	EndGlobalSection
	GlobalSection(ExtensibilityGlobals) = postSolution
		SolutionGuid = {360D57C0-B520-4187-90EE-942C08CED0ED}
	EndGlobalSection
EndGlobal
